{
  "name": "tiny",
  "version": "1.0.0",
  "lockfileVersion": 1,
  "requires": true,
  "dependencies": {
    "ansi-styles": {
      "version": "4.3.0",
      "resolved": "https://registry.npm.taobao.org/ansi-styles/download/ansi-styles-4.3.0.tgz?cache=0&sync_timestamp=1601839122515&other_urls=https%3A%2F%2Fregistry.npm.taobao.org%2Fansi-styles%2Fdownload%2Fansi-styles-4.3.0.tgz",
      "integrity": "sha1-7dgDYornHATIWuegkG7a00tkiTc=",
      "requires": {
        "color-convert": "^2.0.1"
      }
    },
    "chalk": {
      "version": "4.1.0",
      "resolved": "https://registry.npm.taobao.org/chalk/download/chalk-4.1.0.tgz?cache=0&sync_timestamp=1591687076871&other_urls=https%3A%2F%2Fregistry.npm.taobao.org%2Fchalk%2Fdownload%2Fchalk-4.1.0.tgz",
      "integrity": "sha1-ThSHCmGNni7dl92DRf2dncMVZGo=",
      "requires": {
        "ansi-styles": "^4.1.0",
        "supports-color": "^7.1.0"
      }
    },
    "color-convert": {
      "version": "2.0.1",
      "resolved": "https://registry.npm.taobao.org/color-convert/download/color-convert-2.0.1.tgz",
      "integrity": "sha1-ctOmjVmMm9s68q0ehPIdiWq9TeM=",
      "requires": {
        "color-name": "~1.1.4"
      }
    },
    "color-name": {
      "version": "1.1.4",
      "resolved": "http://registry.npm.taobao.org/color-name/download/color-name-1.1.4.tgz",
      "integrity": "sha1-wqCah6y95pVD3m9j+jmVyCbFNqI="
    },
    "configstore": {
      "version": "5.0.1",
      "resolved": "https://registry.npm.taobao.org/configstore/download/configstore-5.0.1.tgz",
      "integrity": "sha1-02UCG130uYzdGH1qOw4/anzF7ZY=",
      "requires": {
        "dot-prop": "^5.2.0",
        "graceful-fs": "^4.1.2",
        "make-dir": "^3.0.0",
        "unique-string": "^2.0.0",
        "write-file-atomic": "^3.0.0",
        "xdg-basedir": "^4.0.0"
      }
    },
    "crypto-random-string": {
      "version": "2.0.0",
      "resolved": "https://registry.npm.taobao.org/crypto-random-string/download/crypto-random-string-2.0.0.tgz",
      "integrity": "sha1-7yp6lm7BEIM4g2m6oC6+rSKbMNU="
    },
    "dot-prop": {
      "version": "5.3.0",
      "resolved": "https://registry.npm.taobao.org/dot-prop/download/dot-prop-5.3.0.tgz",
      "integrity": "sha1-kMzOcIzZzYLMTcjD3dmr3VWyDog=",
      "requires": {
        "is-obj": "^2.0.0"
      }
    },
    "graceful-fs": {
      "version": "4.2.4",
      "resolved": "https://registry.npm.taobao.org/graceful-fs/download/graceful-fs-4.2.4.tgz",
      "integrity": "sha1-Ila94U02MpWMRl68ltxGfKB6Kfs="
    },
    "has-flag": {
      "version": "4.0.0",
      "resolved": "https://registry.npm.taobao.org/has-flag/download/has-flag-4.0.0.tgz",
      "integrity": "sha1-lEdx/ZyByBJlxNaUGGDaBrtZR5s="
    },
    "imurmurhash": {
      "version": "0.1.4",
      "resolved": "https://registry.npm.taobao.org/imurmurhash/download/imurmurhash-0.1.4.tgz",
      "integrity": "sha1-khi5srkoojixPcT7a21XbyMUU+o="
    },
    "is-obj": {
      "version": "2.0.0",
      "resolved": "https://registry.npm.taobao.org/is-obj/download/is-obj-2.0.0.tgz",
      "integrity": "sha1-Rz+wXZc3BeP9liBUUBjKjiLvSYI="
    },
    "is-typedarray": {
      "version": "1.0.0",
      "resolved": "https://registry.npm.taobao.org/is-typedarray/download/is-typedarray-1.0.0.tgz",
      "integrity": "sha1-5HnICFjfDBsR3dppQPlgEfzaSpo="
    },
    "make-dir": {
      "version": "3.1.0",
      "resolved": "https://registry.npm.taobao.org/make-dir/download/make-dir-3.1.0.tgz",
      "integrity": "sha1-QV6WcEazp/HRhSd9hKpYIDcmoT8=",
      "requires": {
        "semver": "^6.0.0"
      }
    },
    "promise-nodeify": {
      "version": "3.0.1",
      "resolved": "https://registry.npm.taobao.org/promise-nodeify/download/promise-nodeify-3.0.1.tgz",
      "integrity": "sha1-8PXZcg7p7HHdK/qSZnvlBMECKcI="
    },
    "proxying-agent": {
      "version": "2.4.0",
      "resolved": "https://registry.npm.taobao.org/proxying-agent/download/proxying-agent-2.4.0.tgz",
      "integrity": "sha1-Z5ZUn8Rr80I1VEQPZKREkiD5AU0="
    },
    "semver": {
      "version": "6.3.0",
      "resolved": "https://registry.npm.taobao.org/semver/download/semver-6.3.0.tgz",
      "integrity": "sha1-7gpkyK9ejO6mdoexM3YeG+y9HT0="
    },
    "signal-exit": {
      "version": "3.0.3",
      "resolved": "https://registry.npm.taobao.org/signal-exit/download/signal-exit-3.0.3.tgz",
      "integrity": "sha1-oUEMLt2PB3sItOJTyOrPyvBXRhw="
    },
    "supports-color": {
      "version": "7.2.0",
      "resolved": "https://registry.npm.taobao.org/supports-color/download/supports-color-7.2.0.tgz?cache=0&sync_timestamp=1598611732186&other_urls=https%3A%2F%2Fregistry.npm.taobao.org%2Fsupports-color%2Fdownload%2Fsupports-color-7.2.0.tgz",
      "integrity": "sha1-G33NyzK4E4gBs+R4umpRyqiWSNo=",
      "requires": {
        "has-flag": "^4.0.0"
      }
    },
    "tinify": {
      "version": "1.6.0-beta.2",
      "resolved": "https://registry.npm.taobao.org/tinify/download/tinify-1.6.0-beta.2.tgz",
      "integrity": "sha1-WYXKAh0RaF2EbFOshGXc54EWrf4=",
      "requires": {
        "promise-nodeify": ">= 0.1",
        "proxying-agent": ">= 2.1"
      }
    },
    "typedarray-to-buffer": {
      "version": "3.1.5",
      "resolved": "https://registry.npm.taobao.org/typedarray-to-buffer/download/typedarray-to-buffer-3.1.5.tgz",
      "integrity": "sha1-qX7nqf9CaRufeD/xvFES/j/KkIA=",
      "requires": {
        "is-typedarray": "^1.0.0"
      }
    },
    "unique-string": {
      "version": "2.0.0",
      "resolved": "https://registry.npm.taobao.org/unique-string/download/unique-string-2.0.0.tgz",
      "integrity": "sha1-OcZFH4GvsnSd4rIz4/fF6IQ72J0=",
      "requires": {
        "crypto-random-string": "^2.0.0"
      }
    },
    "write-file-atomic": {
      "version": "3.0.3",
      "resolved": "https://registry.npm.taobao.org/write-file-atomic/download/write-file-atomic-3.0.3.tgz",
      "integrity": "sha1-Vr1cWlxwSBzRnFcb05q5ZaXeVug=",
      "requires": {
        "imurmurhash": "^0.1.4",
        "is-typedarray": "^1.0.0",
        "signal-exit": "^3.0.2",
        "typedarray-to-buffer": "^3.1.5"
      }
    },
    "xdg-basedir": {
      "version": "4.0.0",
      "resolved": "https://registry.npm.taobao.org/xdg-basedir/download/xdg-basedir-4.0.0.tgz",
      "integrity": "sha1-S8jZmEQDaWIl74OhVzy7y0552xM="
    }
  }
}
